
Microsoft Visual Studio Solution File, Format Version 12.00
Project("{FAE04EC0-301F-11D3-BF4B-00C04F79EFBC}") = "ECommerce Web App", "ECommerce Web App\ECommerce Web App.csproj", "{8EFACBC8-C511-4A97-AC29-AD6395EA0989}"
EndProject
Global
	GlobalSection(SolutionConfigurationPlatforms) = preSolution
		Debug|Any CPU = Debug|Any CPU
		Release|Any CPU = Release|Any CPU
	EndGlobalSection
	GlobalSection(ProjectConfigurationPlatforms) = postSolution
		{8EFACBC8-C511-4A97-AC29-AD6395EA0989}.Debug|Any CPU.ActiveCfg = Debug|Any CPU
		{8EFACBC8-C511-4A97-AC29-AD6395EA0989}.Debug|Any CPU.Build.0 = Debug|Any CPU
		{8EFACBC8-C511-4A97-AC29-AD6395EA0989}.Release|Any CPU.ActiveCfg = Release|Any CPU
		{8EFACBC8-C511-4A97-AC29-AD6395EA0989}.Release|Any CPU.Build.0 = Release|Any CPU
	EndGlobalSection
EndGlobal
